<?xml version="1.0" encoding="utf-8"?>
<Project ToolsVersion="4.0" xmlns="http://schemas.microsoft.com/developer/msbuild/2003">
  <ItemGroup>
    <Filter Include="Source Files">
      <UniqueIdentifier>{4FC737F1-C7A5-4376-A066-2A32D752A2FF}</UniqueIdentifier>
      <Extensions>cpp;c;cc;cxx;def;odl;idl;hpj;bat;asm;asmx</Extensions>
    </Filter>
    <Filter Include="Header Files">
      <UniqueIdentifier>{93995380-89BD-4b04-88EB-625FBE52EBFB}</UniqueIdentifier>
      <Extensions>h;hh;hpp;hxx;hm;inl;inc;xsd</Extensions>
    </Filter>
    <Filter Include="Resource Files">
      <UniqueIdentifier>{67DA6AB6-F800-4c08-8B7A-83BB121AAD01}</UniqueIdentifier>
      <Extensions>rc;ico;cur;bmp;dlg;rc2;rct;bin;rgs;gif;jpg;jpeg;jpe;resx;tiff;tif;png;wav;mfcribbon-ms</Extensions>
    </Filter>
    <Filter Include="Core">
      <UniqueIdentifier>{a05af183-321b-4ed4-af76-6350a3f4fc08}</UniqueIdentifier>
    </Filter>
    <Filter Include="Core\Output">
      <UniqueIdentifier>{b47322db-a258-4fc2-9f5e-d3c6aaa2d625}</UniqueIdentifier>
    </Filter>
    <Filter Include="Core\Card">
      <UniqueIdentifier>{59e84882-f4b1-4321-bdda-9d956198dca9}</UniqueIdentifier>
    </Filter>
    <Filter Include="Common">
      <UniqueIdentifier>{5fc42ef8-3ef2-44c0-b169-5d575dd2ecde}</UniqueIdentifier>
    </Filter>
  </ItemGroup>
  <ItemGroup>
    <Text Include="ReadMe.txt" />
  </ItemGroup>
  <ItemGroup>
    <ClInclude Include="stdafx.h">
      <Filter>Header Files</Filter>
    </ClInclude>
    <ClInclude Include="targetver.h">
      <Filter>Header Files</Filter>
    </ClInclude>
    <ClInclude Include="TextExpr.h">
      <Filter>Core\Output</Filter>
    </ClInclude>
    <ClInclude Include="Card.h">
      <Filter>Core\Card</Filter>
    </ClInclude>
    <ClInclude Include="CardExtend.h">
      <Filter>Core\Card</Filter>
    </ClInclude>
    <ClInclude Include="CardAction.h">
      <Filter>Core\Card</Filter>
    </ClInclude>
    <ClInclude Include="GameEnviroment.h">
      <Filter>Common</Filter>
    </ClInclude>
  </ItemGroup>
  <ItemGroup>
    <ClCompile Include="stdafx.cpp">
      <Filter>Source Files</Filter>
    </ClCompile>
    <ClCompile Include="YuGiOh.cpp">
      <Filter>Source Files</Filter>
    </ClCompile>
    <ClCompile Include="dllmain.cpp">
      <Filter>Source Files</Filter>
    </ClCompile>
    <ClCompile Include="TextExpr.cpp">
      <Filter>Core\Output</Filter>
    </ClCompile>
    <ClCompile Include="Card.cpp">
      <Filter>Core\Card</Filter>
    </ClCompile>
    <ClCompile Include="CardExtend.cpp">
      <Filter>Core\Card</Filter>
    </ClCompile>
    <ClCompile Include="CardAction.cpp">
      <Filter>Core\Card</Filter>
    </ClCompile>
  </ItemGroup>
  <ItemGroup>
    <MASM Include="GameFunc.asm">
      <Filter>Source Files</Filter>
    </MASM>
  </ItemGroup>
</Project>